
Microsoft Visual Studio Solution File, Format Version 12.00
# Visual Studio Version 16
VisualStudioVersion = 16.0.30509.190
MinimumVisualStudioVersion = 10.0.40219.1
Project("{FAE04EC0-301F-11D3-BF4B-00C04F79EFBC}") = "OnineStore.Server", "OnineStore\Server\OnineStore.Server.csproj", "{6A78A19B-9E7E-4980-973A-B10BF53A5A8C}"
EndProject
Project("{FAE04EC0-301F-11D3-BF4B-00C04F79EFBC}") = "OnineStore.Client", "OnineStore\Client\OnineStore.Client.csproj", "{6B84CE7D-CA60-46E5-889E-CFA21AA0A30F}"
EndProject
Project("{FAE04EC0-301F-11D3-BF4B-00C04F79EFBC}") = "OnineStore.Shared", "OnineStore\Shared\OnineStore.Shared.csproj", "{5AD05EA9-1B23-4146-95DE-1B38B9150590}"
EndProject
Global
	GlobalSection(SolutionConfigurationPlatforms) = preSolution
		Debug|Any CPU = Debug|Any CPU
		Release|Any CPU = Release|Any CPU
	EndGlobalSection
	GlobalSection(ProjectConfigurationPlatforms) = postSolution
		{6A78A19B-9E7E-4980-973A-B10BF53A5A8C}.Debug|Any CPU.ActiveCfg = Debug|Any CPU
		{6A78A19B-9E7E-4980-973A-B10BF53A5A8C}.Debug|Any CPU.Build.0 = Debug|Any CPU
		{6A78A19B-9E7E-4980-973A-B10BF53A5A8C}.Release|Any CPU.ActiveCfg = Release|Any CPU
		{6A78A19B-9E7E-4980-973A-B10BF53A5A8C}.Release|Any CPU.Build.0 = Release|Any CPU
		{6B84CE7D-CA60-46E5-889E-CFA21AA0A30F}.Debug|Any CPU.ActiveCfg = Debug|Any CPU
		{6B84CE7D-CA60-46E5-889E-CFA21AA0A30F}.Debug|Any CPU.Build.0 = Debug|Any CPU
		{6B84CE7D-CA60-46E5-889E-CFA21AA0A30F}.Release|Any CPU.ActiveCfg = Release|Any CPU
		{6B84CE7D-CA60-46E5-889E-CFA21AA0A30F}.Release|Any CPU.Build.0 = Release|Any CPU
		{5AD05EA9-1B23-4146-95DE-1B38B9150590}.Debug|Any CPU.ActiveCfg = Debug|Any CPU
		{5AD05EA9-1B23-4146-95DE-1B38B9150590}.Debug|Any CPU.Build.0 = Debug|Any CPU
		{5AD05EA9-1B23-4146-95DE-1B38B9150590}.Release|Any CPU.ActiveCfg = Release|Any CPU
		{5AD05EA9-1B23-4146-95DE-1B38B9150590}.Release|Any CPU.Build.0 = Release|Any CPU
	EndGlobalSection
	GlobalSection(SolutionProperties) = preSolution
		HideSolutionNode = FALSE
	EndGlobalSection
	GlobalSection(ExtensibilityGlobals) = postSolution
		SolutionGuid = {D8D7273A-D499-4737-8DFD-7E9EF3176642}
	EndGlobalSection
EndGlobal
